
Microsoft Visual Studio Solution File, Format Version 12.00
# Visual Studio Version 16
VisualStudioVersion = 16.0.30011.22
MinimumVisualStudioVersion = 10.0.40219.1
Project("{9A19103F-16F7-4668-BE54-9A1E7A4F7556}") = "InfernumMode", "InfernumMode.csproj", "{FAF40559-5665-46BF-8DC5-6A2B261E2C78}"
EndProject
Global
	GlobalSection(SolutionConfigurationPlatforms) = preSolution
		Debug|Any CPU = Debug|Any CPU
		Release|Any CPU = Release|Any CPU
	EndGlobalSection
	GlobalSection(ProjectConfigurationPlatforms) = postSolution
		{FAF40559-5665-46BF-8DC5-6A2B261E2C78}.Debug|Any CPU.ActiveCfg = Debug|Any CPU
		{FAF40559-5665-46BF-8DC5-6A2B261E2C78}.Debug|Any CPU.Build.0 = Debug|Any CPU
		{FAF40559-5665-46BF-8DC5-6A2B261E2C78}.Release|Any CPU.ActiveCfg = Release|Any CPU
		{FAF40559-5665-46BF-8DC5-6A2B261E2C78}.Release|Any CPU.Build.0 = Release|Any CPU
	EndGlobalSection
	GlobalSection(SolutionProperties) = preSolution
		HideSolutionNode = FALSE
	EndGlobalSection
	GlobalSection(ExtensibilityGlobals) = postSolution
		SolutionGuid = {3622B0F8-8B07-4D4A-AD3E-D7713107BBA2}
	EndGlobalSection
EndGlobal
